
Microsoft Visual Studio Solution File, Format Version 12.00
# Visual Studio 14
VisualStudioVersion = 14.0.25420.1
MinimumVisualStudioVersion = 10.0.40219.1
Project("{FAE04EC0-301F-11D3-BF4B-00C04F79EFBC}") = "HDF.PInvoke", "HDF.PInvoke.csproj", "{4450F800-93E2-4D4A-B224-966E2338CDED}"
EndProject
Project("{FAE04EC0-301F-11D3-BF4B-00C04F79EFBC}") = "UnitTests", "UnitTests\UnitTests.csproj", "{5A77D1AD-A2D6-4313-B29B-3A708281FED0}"
EndProject
Project("{2150E333-8FDC-42A3-9474-1A3956D46DE8}") = ".paket", ".paket", "{61BEF385-FA05-40BC-B09B-1318B9D06215}"
	ProjectSection(SolutionItems) = preProject
		paket.dependencies = paket.dependencies
		paket.lock = paket.lock
	EndProjectSection
EndProject
Project("{2150E333-8FDC-42A3-9474-1A3956D46DE8}") = ".project", ".project", "{FD3E97A7-0D4F-4634-A9DC-E6ABE370731E}"
	ProjectSection(SolutionItems) = preProject
		build.fsx = build.fsx
		README.md = README.md
		RELEASE_NOTES.md = RELEASE_NOTES.md
	EndProjectSection
EndProject
Global
	GlobalSection(SolutionConfigurationPlatforms) = preSolution
		HDF5 1.10 Debug|Any CPU = HDF5 1.10 Debug|Any CPU
		HDF5 1.10 Release|Any CPU = HDF5 1.10 Release|Any CPU
		HDF5 1.8 Debug|Any CPU = HDF5 1.8 Debug|Any CPU
		HDF5 1.8 Release|Any CPU = HDF5 1.8 Release|Any CPU
	EndGlobalSection
	GlobalSection(ProjectConfigurationPlatforms) = postSolution
		{4450F800-93E2-4D4A-B224-966E2338CDED}.HDF5 1.10 Debug|Any CPU.ActiveCfg = HDF5 1.10 Debug|Any CPU
		{4450F800-93E2-4D4A-B224-966E2338CDED}.HDF5 1.10 Debug|Any CPU.Build.0 = HDF5 1.10 Debug|Any CPU
		{4450F800-93E2-4D4A-B224-966E2338CDED}.HDF5 1.10 Release|Any CPU.ActiveCfg = HDF5 1.10 Release|Any CPU
		{4450F800-93E2-4D4A-B224-966E2338CDED}.HDF5 1.10 Release|Any CPU.Build.0 = HDF5 1.10 Release|Any CPU
		{4450F800-93E2-4D4A-B224-966E2338CDED}.HDF5 1.8 Debug|Any CPU.ActiveCfg = HDF5 1.8 Debug|Any CPU
		{4450F800-93E2-4D4A-B224-966E2338CDED}.HDF5 1.8 Debug|Any CPU.Build.0 = HDF5 1.8 Debug|Any CPU
		{4450F800-93E2-4D4A-B224-966E2338CDED}.HDF5 1.8 Release|Any CPU.ActiveCfg = HDF5 1.8 Release|Any CPU
		{4450F800-93E2-4D4A-B224-966E2338CDED}.HDF5 1.8 Release|Any CPU.Build.0 = HDF5 1.8 Release|Any CPU
		{5A77D1AD-A2D6-4313-B29B-3A708281FED0}.HDF5 1.10 Debug|Any CPU.ActiveCfg = HDF5 1.10 Debug|Any CPU
		{5A77D1AD-A2D6-4313-B29B-3A708281FED0}.HDF5 1.10 Debug|Any CPU.Build.0 = HDF5 1.10 Debug|Any CPU
		{5A77D1AD-A2D6-4313-B29B-3A708281FED0}.HDF5 1.10 Release|Any CPU.ActiveCfg = HDF5 1.10 Release|Any CPU
		{5A77D1AD-A2D6-4313-B29B-3A708281FED0}.HDF5 1.10 Release|Any CPU.Build.0 = HDF5 1.10 Release|Any CPU
		{5A77D1AD-A2D6-4313-B29B-3A708281FED0}.HDF5 1.8 Debug|Any CPU.ActiveCfg = HDF5 1.8 Debug|Any CPU
		{5A77D1AD-A2D6-4313-B29B-3A708281FED0}.HDF5 1.8 Debug|Any CPU.Build.0 = HDF5 1.8 Debug|Any CPU
		{5A77D1AD-A2D6-4313-B29B-3A708281FED0}.HDF5 1.8 Release|Any CPU.ActiveCfg = HDF5 1.8 Release|Any CPU
		{5A77D1AD-A2D6-4313-B29B-3A708281FED0}.HDF5 1.8 Release|Any CPU.Build.0 = HDF5 1.8 Release|Any CPU
	EndGlobalSection
	GlobalSection(SolutionProperties) = preSolution
		HideSolutionNode = FALSE
	EndGlobalSection
EndGlobal
